
Microsoft Visual Studio Solution File, Format Version 12.00
# Visual Studio Version 16
VisualStudioVersion = 16.0.30907.101
MinimumVisualStudioVersion = 10.0.40219.1
Project("{9A19103F-16F7-4668-BE54-9A1E7A4F7556}") = "StrongNameBatchRemover", "StrongNameBatchRemover\StrongNameBatchRemover.csproj", "{F8166362-6027-4FD0-931E-B269F64593E5}"
EndProject
Project("{FAE04EC0-301F-11D3-BF4B-00C04F79EFBC}") = "StrongNameFinder", "StrongNameFinder\StrongNameFinder.csproj", "{63688842-DFC6-45DF-A698-7B458E28668D}"
EndProject
Global
	GlobalSection(SolutionConfigurationPlatforms) = preSolution
		Debug|Any CPU = Debug|Any CPU
		Release|Any CPU = Release|Any CPU
	EndGlobalSection
	GlobalSection(ProjectConfigurationPlatforms) = postSolution
		{F8166362-6027-4FD0-931E-B269F64593E5}.Debug|Any CPU.ActiveCfg = Debug|Any CPU
		{F8166362-6027-4FD0-931E-B269F64593E5}.Debug|Any CPU.Build.0 = Debug|Any CPU
		{F8166362-6027-4FD0-931E-B269F64593E5}.Release|Any CPU.ActiveCfg = Release|Any CPU
		{F8166362-6027-4FD0-931E-B269F64593E5}.Release|Any CPU.Build.0 = Release|Any CPU
		{63688842-DFC6-45DF-A698-7B458E28668D}.Debug|Any CPU.ActiveCfg = Debug|Any CPU
		{63688842-DFC6-45DF-A698-7B458E28668D}.Debug|Any CPU.Build.0 = Debug|Any CPU
		{63688842-DFC6-45DF-A698-7B458E28668D}.Release|Any CPU.ActiveCfg = Release|Any CPU
		{63688842-DFC6-45DF-A698-7B458E28668D}.Release|Any CPU.Build.0 = Release|Any CPU
	EndGlobalSection
	GlobalSection(SolutionProperties) = preSolution
		HideSolutionNode = FALSE
	EndGlobalSection
	GlobalSection(ExtensibilityGlobals) = postSolution
		SolutionGuid = {2A8026CC-E49F-4F83-9926-E8B234BD848A}
	EndGlobalSection
EndGlobal
